// !$*UTF8*$!
{
	archiveVersion = 1;
	classes = {
	};
	objectVersion = 70;
	objects = {

/* Begin PBXBuildFile section */
		8F2F11A12D83C5B200B47051 /* ManageGroupsViewModel.swift in Sources */ = {isa = PBXBuildFile; fileRef = 8F2F11A02D83C5B200B47051 /* ManageGroupsViewModel.swift */; };
		8F31EDDB2D74B9A10041A5F9 /* ChatHistory.swift in Sources */ = {isa = PBXBuildFile; fileRef = 8F31EDDA2D74B9A10041A5F9 /* ChatHistory.swift */; };
		8F31EDDD2D74B9B00041A5F9 /* ChatPersistenceService.swift in Sources */ = {isa = PBXBuildFile; fileRef = 8F31EDDC2D74B9B00041A5F9 /* ChatPersistenceService.swift */; };
		8F31EDE72D753A570041A5F9 /* LoadingView.swift in Sources */ = {isa = PBXBuildFile; fileRef = 8F31EDE62D753A570041A5F9 /* LoadingView.swift */; };
		8F35807F2DBC53F70002ADF5 /* NetworkManager.swift in Sources */ = {isa = PBXBuildFile; fileRef = 8F35807E2DBC53F70002ADF5 /* NetworkManager.swift */; };
		8F3580822DBC54C00002ADF5 /* KeychainSwift in Frameworks */ = {isa = PBXBuildFile; productRef = 8F3580812DBC54C00002ADF5 /* KeychainSwift */; };
		8F3580842DC23B4A0002ADF5 /* ChecklistOutlineView.swift in Sources */ = {isa = PBXBuildFile; fileRef = 8F3580832DC23B4A0002ADF5 /* ChecklistOutlineView.swift */; };
		8F35F35F2D81E94B00A112F1 /* ChecklistItem+CoreDataProperties.swift in Sources */ = {isa = PBXBuildFile; fileRef = 8F35F35B2D81E94B00A112F1 /* ChecklistItem+CoreDataProperties.swift */; };
		8F35F3602D81E94B00A112F1 /* Checklist+CoreDataClass.swift in Sources */ = {isa = PBXBuildFile; fileRef = 8F35F3582D81E94B00A112F1 /* Checklist+CoreDataClass.swift */; };
		8F35F3612D81E94B00A112F1 /* Checklist+CoreDataProperties.swift in Sources */ = {isa = PBXBuildFile; fileRef = 8F35F3592D81E94B00A112F1 /* Checklist+CoreDataProperties.swift */; };
		8F35F3622D81E94B00A112F1 /* ChecklistItem+CoreDataClass.swift in Sources */ = {isa = PBXBuildFile; fileRef = 8F35F35A2D81E94B00A112F1 /* ChecklistItem+CoreDataClass.swift */; };
		8F35F3632D81E94B00A112F1 /* ItemGroup+CoreDataClass.swift in Sources */ = {isa = PBXBuildFile; fileRef = 8F35F35C2D81E94B00A112F1 /* ItemGroup+CoreDataClass.swift */; };
		8F35F3642D81E94B00A112F1 /* ItemGroup+CoreDataProperties.swift in Sources */ = {isa = PBXBuildFile; fileRef = 8F35F35D2D81E94B00A112F1 /* ItemGroup+CoreDataProperties.swift */; };
		8F35F3682D81E98100A112F1 /* ModelNamespace.swift in Sources */ = {isa = PBXBuildFile; fileRef = 8F35F3672D81E98100A112F1 /* ModelNamespace.swift */; };
		8F3C830A2D7A03270072CCAF /* SharedShapes.swift in Sources */ = {isa = PBXBuildFile; fileRef = 8F3C83062D7A03270072CCAF /* SharedShapes.swift */; };
		8F3C830B2D7A03270072CCAF /* ViewModifiers.swift in Sources */ = {isa = PBXBuildFile; fileRef = 8F3C83072D7A03270072CCAF /* ViewModifiers.swift */; };
		8F3C830F2D7A07F30072CCAF /* EasyListViewModel.swift in Sources */ = {isa = PBXBuildFile; fileRef = 8F3C830E2D7A07F30072CCAF /* EasyListViewModel.swift */; };
		8F584F822DA61F2C00DDF73A /* CheckInAnalytics.swift in Sources */ = {isa = PBXBuildFile; fileRef = 8F584F812DA61F2C00DDF73A /* CheckInAnalytics.swift */; };
		8F60905F2DA423C50048CEDD /* UserSettings.swift in Sources */ = {isa = PBXBuildFile; fileRef = 8F60905E2DA423C50048CEDD /* UserSettings.swift */; };
		8F60906B2DA5A2150048CEDD /* GroupDetailsViewModel.swift in Sources */ = {isa = PBXBuildFile; fileRef = 8F60906A2DA5A2150048CEDD /* GroupDetailsViewModel.swift */; };
		8F7DEA3D2D80D98500287676 /* GroupStore.swift in Sources */ = {isa = PBXBuildFile; fileRef = 8F7DEA3C2D80D98500287676 /* GroupStore.swift */; };
		8F7DEA3F2D80DD7400287676 /* PersistenceController.swift in Sources */ = {isa = PBXBuildFile; fileRef = 8F7DEA3E2D80DD7400287676 /* PersistenceController.swift */; };
		8F7DEA422D80DDCA00287676 /* SpeechRecognitionService.swift in Sources */ = {isa = PBXBuildFile; fileRef = 8F7DEA412D80DDCA00287676 /* SpeechRecognitionService.swift */; };
		8F7DEA432D80DDCA00287676 /* ChecklistPersistence.swift in Sources */ = {isa = PBXBuildFile; fileRef = 8F7DEA402D80DDCA00287676 /* ChecklistPersistence.swift */; };
		8F8FE7412D85EA3C00355B3D /* LoginView.swift in Sources */ = {isa = PBXBuildFile; fileRef = 8F8FE73F2D85EA3C00355B3D /* LoginView.swift */; };
		8F8FE7432D85EA7100355B3D /* AuthManager.swift in Sources */ = {isa = PBXBuildFile; fileRef = 8F8FE7422D85EA7100355B3D /* AuthManager.swift */; };
		8F91A2782D959DC1008383FF /* ItemDetailsViewModel.swift in Sources */ = {isa = PBXBuildFile; fileRef = 8F91A2772D959DC1008383FF /* ItemDetailsViewModel.swift */; };
		8F94B7CB2DC85E790066B583 /* SSEManager.swift in Sources */ = {isa = PBXBuildFile; fileRef = 8F94B7CA2DC85E790066B583 /* SSEManager.swift */; };
		8F94B7CC2DC85E790066B583 /* PubSubChatService.swift in Sources */ = {isa = PBXBuildFile; fileRef = 8F94B7C92DC85E790066B583 /* PubSubChatService.swift */; };
		8F94B7D42DC85EFA0066B583 /* StreamingChatMessage.swift in Sources */ = {isa = PBXBuildFile; fileRef = 8F94B7D32DC85EFA0066B583 /* StreamingChatMessage.swift */; };
		8F94B7D62DC85F1F0066B583 /* StreamingChatViewModel.swift in Sources */ = {isa = PBXBuildFile; fileRef = 8F94B7D52DC85F1F0066B583 /* StreamingChatViewModel.swift */; };
		8F9526772DB194E70002C956 /* CheckInService.swift in Sources */ = {isa = PBXBuildFile; fileRef = 8F9526762DB194E70002C956 /* CheckInService.swift */; };
		8F9DFEF52D6FA66900F62D5E /* PromptlyApp.swift in Sources */ = {isa = PBXBuildFile; fileRef = 8F9DFEF42D6FA66900F62D5E /* PromptlyApp.swift */; };
		8F9DFEF92D6FA66A00F62D5E /* Assets.xcassets in Resources */ = {isa = PBXBuildFile; fileRef = 8F9DFEF82D6FA66A00F62D5E /* Assets.xcassets */; };
		8F9DFEFD2D6FA66A00F62D5E /* Preview Assets.xcassets in Resources */ = {isa = PBXBuildFile; fileRef = 8F9DFEFC2D6FA66A00F62D5E /* Preview Assets.xcassets */; };
		8F9DFF082D70BFBF00F62D5E /* ChatMessage.swift in Sources */ = {isa = PBXBuildFile; fileRef = 8F9DFF072D70BFBF00F62D5E /* ChatMessage.swift */; };
		8F9DFF0A2D70BFE800F62D5E /* ChatService.swift in Sources */ = {isa = PBXBuildFile; fileRef = 8F9DFF092D70BFE800F62D5E /* ChatService.swift */; };
		8F9DFF0C2D70C00300F62D5E /* ChatViewModel.swift in Sources */ = {isa = PBXBuildFile; fileRef = 8F9DFF0B2D70C00300F62D5E /* ChatViewModel.swift */; };
		8F9DFF122D70C19800F62D5E /* ChecklistItem.swift in Sources */ = {isa = PBXBuildFile; fileRef = 8F9DFF112D70C19800F62D5E /* ChecklistItem.swift */; };
		8FB9D7A62D761D0C00F8B0E2 /* DashboardViewModel.swift in Sources */ = {isa = PBXBuildFile; fileRef = 8FB9D7A52D761D0C00F8B0E2 /* DashboardViewModel.swift */; };
		8FB9D7AA2D766FD700F8B0E2 /* NotificationManager.swift in Sources */ = {isa = PBXBuildFile; fileRef = 8FB9D7A92D766FD700F8B0E2 /* NotificationManager.swift */; };
		8FC448382D723D940008E3AB /* ChatInputViewModel.swift in Sources */ = {isa = PBXBuildFile; fileRef = 8FC448372D723D940008E3AB /* ChatInputViewModel.swift */; };
		8FC448472D7275F00008E3AB /* Checklist.swift in Sources */ = {isa = PBXBuildFile; fileRef = 8FC448462D7275F00008E3AB /* Checklist.swift */; };
		8FC4484C2D729C8A0008E3AB /* NavigationUtil.swift in Sources */ = {isa = PBXBuildFile; fileRef = 8FC4484B2D729C8A0008E3AB /* NavigationUtil.swift */; };
		8FC455FF2D7B651A007EE5DB /* ItemGroup.swift in Sources */ = {isa = PBXBuildFile; fileRef = 8FC455FE2D7B651A007EE5DB /* ItemGroup.swift */; };
		8FC4560B2D7CB83B007EE5DB /* BaseView.swift in Sources */ = {isa = PBXBuildFile; fileRef = 8FC4560A2D7CB83B007EE5DB /* BaseView.swift */; };
		8FC4560D2D7D4EB3007EE5DB /* FocusManager.swift in Sources */ = {isa = PBXBuildFile; fileRef = 8FC4560C2D7D4EB3007EE5DB /* FocusManager.swift */; };
		8FC4560F2D7E3123007EE5DB /* BackgroundView.swift in Sources */ = {isa = PBXBuildFile; fileRef = 8FC4560E2D7E3123007EE5DB /* BackgroundView.swift */; };
		8FC456112D7E71CC007EE5DB /* ThemeManager.swift in Sources */ = {isa = PBXBuildFile; fileRef = 8FC456102D7E71CC007EE5DB /* ThemeManager.swift */; };
		8FCD49672D819D9200C0A2E3 /* DataModel.xcdatamodeld in Sources */ = {isa = PBXBuildFile; fileRef = 8FCD49652D819D9200C0A2E3 /* DataModel.xcdatamodeld */; };
		8FE0E25A2D874BDA00EE0D83 /* GoogleService-Info.plist in Resources */ = {isa = PBXBuildFile; fileRef = 8FE0E2592D874BDA00EE0D83 /* GoogleService-Info.plist */; };
		8FE0E25C2D874C6600EE0D83 /* FirebaseCore in Frameworks */ = {isa = PBXBuildFile; productRef = 8FE0E25B2D874C6600EE0D83 /* FirebaseCore */; };
		8FE0E25E2D874C6600EE0D83 /* FirebaseFirestore in Frameworks */ = {isa = PBXBuildFile; productRef = 8FE0E25D2D874C6600EE0D83 /* FirebaseFirestore */; };
		8FE0E2602D874C6600EE0D83 /* FirebaseRemoteConfig in Frameworks */ = {isa = PBXBuildFile; productRef = 8FE0E25F2D874C6600EE0D83 /* FirebaseRemoteConfig */; };
		8FE0E2622D874CA800EE0D83 /* FirebaseCore in Frameworks */ = {isa = PBXBuildFile; productRef = 8FE0E2612D874CA800EE0D83 /* FirebaseCore */; };
		8FE0E2642D874CA800EE0D83 /* FirebaseFirestore in Frameworks */ = {isa = PBXBuildFile; productRef = 8FE0E2632D874CA800EE0D83 /* FirebaseFirestore */; };
		8FE0E2662D874D2600EE0D83 /* FirebaseCore in Frameworks */ = {isa = PBXBuildFile; productRef = 8FE0E2652D874D2600EE0D83 /* FirebaseCore */; };
		8FE0E2682D874D2600EE0D83 /* FirebaseFirestore in Frameworks */ = {isa = PBXBuildFile; productRef = 8FE0E2672D874D2600EE0D83 /* FirebaseFirestore */; };
		8FE0E26A2D874DDA00EE0D83 /* FirebaseAnalytics in Frameworks */ = {isa = PBXBuildFile; productRef = 8FE0E2692D874DDA00EE0D83 /* FirebaseAnalytics */; };
		8FE0E26C2D874DDA00EE0D83 /* FirebaseCore in Frameworks */ = {isa = PBXBuildFile; productRef = 8FE0E26B2D874DDA00EE0D83 /* FirebaseCore */; };
		8FE0E26E2D874DDA00EE0D83 /* FirebaseFirestore in Frameworks */ = {isa = PBXBuildFile; productRef = 8FE0E26D2D874DDA00EE0D83 /* FirebaseFirestore */; };
		8FE0E2702D87D48900EE0D83 /* FirestoreService.swift in Sources */ = {isa = PBXBuildFile; fileRef = 8FE0E26F2D87D48900EE0D83 /* FirestoreService.swift */; };
		8FE0E2722D888CD100EE0D83 /* FirebaseAuth in Frameworks */ = {isa = PBXBuildFile; productRef = 8FE0E2712D888CD100EE0D83 /* FirebaseAuth */; };
		8FE0E2782D8B837100EE0D83 /* SubItem+CoreDataProperties.swift in Sources */ = {isa = PBXBuildFile; fileRef = 8FE0E2772D8B837100EE0D83 /* SubItem+CoreDataProperties.swift */; };
		8FE0E2792D8B837100EE0D83 /* SubItem+CoreDataClass.swift in Sources */ = {isa = PBXBuildFile; fileRef = 8FE0E2762D8B837100EE0D83 /* SubItem+CoreDataClass.swift */; };
		8FE0E27B2D8B84ED00EE0D83 /* SubItem.swift in Sources */ = {isa = PBXBuildFile; fileRef = 8FE0E27A2D8B84ED00EE0D83 /* SubItem.swift */; };
/* End PBXBuildFile section */

/* Begin PBXBuildRule section */
		8FC4483C2D72401A0008E3AB /* PBXBuildRule */ = {
			isa = PBXBuildRule;
			compilerSpec = com.apple.compilers.proxy.script;
			fileType = folder.rkassets;
			inputFiles = (
			);
			isEditable = 1;
			outputFiles = (
			);
			script = "# realitytool\n";
		};
/* End PBXBuildRule section */

/* Begin PBXFileReference section */
		8F2F11A02D83C5B200B47051 /* ManageGroupsViewModel.swift */ = {isa = PBXFileReference; lastKnownFileType = sourcecode.swift; path = ManageGroupsViewModel.swift; sourceTree = "<group>"; };
		8F31EDDA2D74B9A10041A5F9 /* ChatHistory.swift */ = {isa = PBXFileReference; lastKnownFileType = sourcecode.swift; path = ChatHistory.swift; sourceTree = "<group>"; };
		8F31EDDC2D74B9B00041A5F9 /* ChatPersistenceService.swift */ = {isa = PBXFileReference; lastKnownFileType = sourcecode.swift; path = ChatPersistenceService.swift; sourceTree = "<group>"; };
		8F31EDE62D753A570041A5F9 /* LoadingView.swift */ = {isa = PBXFileReference; lastKnownFileType = sourcecode.swift; path = LoadingView.swift; sourceTree = "<group>"; };
		8F35807E2DBC53F70002ADF5 /* NetworkManager.swift */ = {isa = PBXFileReference; lastKnownFileType = sourcecode.swift; path = NetworkManager.swift; sourceTree = "<group>"; };
		8F3580832DC23B4A0002ADF5 /* ChecklistOutlineView.swift */ = {isa = PBXFileReference; lastKnownFileType = sourcecode.swift; path = ChecklistOutlineView.swift; sourceTree = "<group>"; };
		8F35F3582D81E94B00A112F1 /* Checklist+CoreDataClass.swift */ = {isa = PBXFileReference; lastKnownFileType = sourcecode.swift; path = "Checklist+CoreDataClass.swift"; sourceTree = "<group>"; };
		8F35F3592D81E94B00A112F1 /* Checklist+CoreDataProperties.swift */ = {isa = PBXFileReference; lastKnownFileType = sourcecode.swift; path = "Checklist+CoreDataProperties.swift"; sourceTree = "<group>"; };
		8F35F35A2D81E94B00A112F1 /* ChecklistItem+CoreDataClass.swift */ = {isa = PBXFileReference; lastKnownFileType = sourcecode.swift; path = "ChecklistItem+CoreDataClass.swift"; sourceTree = "<group>"; };
		8F35F35B2D81E94B00A112F1 /* ChecklistItem+CoreDataProperties.swift */ = {isa = PBXFileReference; lastKnownFileType = sourcecode.swift; path = "ChecklistItem+CoreDataProperties.swift"; sourceTree = "<group>"; };
		8F35F35C2D81E94B00A112F1 /* ItemGroup+CoreDataClass.swift */ = {isa = PBXFileReference; lastKnownFileType = sourcecode.swift; path = "ItemGroup+CoreDataClass.swift"; sourceTree = "<group>"; };
		8F35F35D2D81E94B00A112F1 /* ItemGroup+CoreDataProperties.swift */ = {isa = PBXFileReference; lastKnownFileType = sourcecode.swift; path = "ItemGroup+CoreDataProperties.swift"; sourceTree = "<group>"; };
		8F35F3672D81E98100A112F1 /* ModelNamespace.swift */ = {isa = PBXFileReference; lastKnownFileType = sourcecode.swift; path = ModelNamespace.swift; sourceTree = "<group>"; };
		8F3C83062D7A03270072CCAF /* SharedShapes.swift */ = {isa = PBXFileReference; lastKnownFileType = sourcecode.swift; path = SharedShapes.swift; sourceTree = "<group>"; };
		8F3C83072D7A03270072CCAF /* ViewModifiers.swift */ = {isa = PBXFileReference; lastKnownFileType = sourcecode.swift; path = ViewModifiers.swift; sourceTree = "<group>"; };
		8F3C830E2D7A07F30072CCAF /* EasyListViewModel.swift */ = {isa = PBXFileReference; lastKnownFileType = sourcecode.swift; path = EasyListViewModel.swift; sourceTree = "<group>"; };
		8F584F812DA61F2C00DDF73A /* CheckInAnalytics.swift */ = {isa = PBXFileReference; lastKnownFileType = sourcecode.swift; path = CheckInAnalytics.swift; sourceTree = "<group>"; };
		8F60905E2DA423C50048CEDD /* UserSettings.swift */ = {isa = PBXFileReference; lastKnownFileType = sourcecode.swift; path = UserSettings.swift; sourceTree = "<group>"; };
		8F60906A2DA5A2150048CEDD /* GroupDetailsViewModel.swift */ = {isa = PBXFileReference; lastKnownFileType = sourcecode.swift; path = GroupDetailsViewModel.swift; sourceTree = "<group>"; };
		8F7DEA3C2D80D98500287676 /* GroupStore.swift */ = {isa = PBXFileReference; lastKnownFileType = sourcecode.swift; path = GroupStore.swift; sourceTree = "<group>"; };
		8F7DEA3E2D80DD7400287676 /* PersistenceController.swift */ = {isa = PBXFileReference; lastKnownFileType = sourcecode.swift; path = PersistenceController.swift; sourceTree = "<group>"; };
		8F7DEA402D80DDCA00287676 /* ChecklistPersistence.swift */ = {isa = PBXFileReference; lastKnownFileType = sourcecode.swift; path = ChecklistPersistence.swift; sourceTree = "<group>"; };
		8F7DEA412D80DDCA00287676 /* SpeechRecognitionService.swift */ = {isa = PBXFileReference; lastKnownFileType = sourcecode.swift; path = SpeechRecognitionService.swift; sourceTree = "<group>"; };
		8F8FE73F2D85EA3C00355B3D /* LoginView.swift */ = {isa = PBXFileReference; lastKnownFileType = sourcecode.swift; path = LoginView.swift; sourceTree = "<group>"; };
		8F8FE7422D85EA7100355B3D /* AuthManager.swift */ = {isa = PBXFileReference; lastKnownFileType = sourcecode.swift; path = AuthManager.swift; sourceTree = "<group>"; };
		8F91A2772D959DC1008383FF /* ItemDetailsViewModel.swift */ = {isa = PBXFileReference; lastKnownFileType = sourcecode.swift; path = ItemDetailsViewModel.swift; sourceTree = "<group>"; };
		8F94B7C92DC85E790066B583 /* PubSubChatService.swift */ = {isa = PBXFileReference; lastKnownFileType = sourcecode.swift; path = PubSubChatService.swift; sourceTree = "<group>"; };
		8F94B7CA2DC85E790066B583 /* SSEManager.swift */ = {isa = PBXFileReference; lastKnownFileType = sourcecode.swift; path = SSEManager.swift; sourceTree = "<group>"; };
		8F94B7D32DC85EFA0066B583 /* StreamingChatMessage.swift */ = {isa = PBXFileReference; lastKnownFileType = sourcecode.swift; path = StreamingChatMessage.swift; sourceTree = "<group>"; };
		8F94B7D52DC85F1F0066B583 /* StreamingChatViewModel.swift */ = {isa = PBXFileReference; lastKnownFileType = sourcecode.swift; path = StreamingChatViewModel.swift; sourceTree = "<group>"; };
		8F9526762DB194E70002C956 /* CheckInService.swift */ = {isa = PBXFileReference; lastKnownFileType = sourcecode.swift; path = CheckInService.swift; sourceTree = "<group>"; };
		8F9DFEF12D6FA66900F62D5E /* Promptly.app */ = {isa = PBXFileReference; explicitFileType = wrapper.application; includeInIndex = 0; path = Promptly.app; sourceTree = BUILT_PRODUCTS_DIR; };
		8F9DFEF42D6FA66900F62D5E /* PromptlyApp.swift */ = {isa = PBXFileReference; lastKnownFileType = sourcecode.swift; path = PromptlyApp.swift; sourceTree = "<group>"; };
		8F9DFEF82D6FA66A00F62D5E /* Assets.xcassets */ = {isa = PBXFileReference; lastKnownFileType = folder.assetcatalog; path = Assets.xcassets; sourceTree = "<group>"; };
		8F9DFEFA2D6FA66A00F62D5E /* Promptly.entitlements */ = {isa = PBXFileReference; lastKnownFileType = text.plist.entitlements; path = Promptly.entitlements; sourceTree = "<group>"; };
		8F9DFEFC2D6FA66A00F62D5E /* Preview Assets.xcassets */ = {isa = PBXFileReference; lastKnownFileType = folder.assetcatalog; path = "Preview Assets.xcassets"; sourceTree = "<group>"; };
		8F9DFF072D70BFBF00F62D5E /* ChatMessage.swift */ = {isa = PBXFileReference; lastKnownFileType = sourcecode.swift; path = ChatMessage.swift; sourceTree = "<group>"; };
		8F9DFF092D70BFE800F62D5E /* ChatService.swift */ = {isa = PBXFileReference; lastKnownFileType = sourcecode.swift; path = ChatService.swift; sourceTree = "<group>"; };
		8F9DFF0B2D70C00300F62D5E /* ChatViewModel.swift */ = {isa = PBXFileReference; lastKnownFileType = sourcecode.swift; path = ChatViewModel.swift; sourceTree = "<group>"; };
		8F9DFF112D70C19800F62D5E /* ChecklistItem.swift */ = {isa = PBXFileReference; lastKnownFileType = sourcecode.swift; path = ChecklistItem.swift; sourceTree = "<group>"; };
		8FB9D7A52D761D0C00F8B0E2 /* DashboardViewModel.swift */ = {isa = PBXFileReference; lastKnownFileType = sourcecode.swift; path = DashboardViewModel.swift; sourceTree = "<group>"; };
		8FB9D7A92D766FD700F8B0E2 /* NotificationManager.swift */ = {isa = PBXFileReference; lastKnownFileType = sourcecode.swift; path = NotificationManager.swift; sourceTree = "<group>"; };
		8FC448372D723D940008E3AB /* ChatInputViewModel.swift */ = {isa = PBXFileReference; lastKnownFileType = sourcecode.swift; path = ChatInputViewModel.swift; sourceTree = "<group>"; };
		8FC4483B2D723FCF0008E3AB /* PromptlyRelease.entitlements */ = {isa = PBXFileReference; lastKnownFileType = text.plist.entitlements; path = PromptlyRelease.entitlements; sourceTree = "<group>"; };
		8FC4483D2D72406B0008E3AB /* Info.plist */ = {isa = PBXFileReference; lastKnownFileType = text.plist.xml; path = Info.plist; sourceTree = "<group>"; };
		8FC448462D7275F00008E3AB /* Checklist.swift */ = {isa = PBXFileReference; lastKnownFileType = sourcecode.swift; path = Checklist.swift; sourceTree = "<group>"; };
		8FC4484B2D729C8A0008E3AB /* NavigationUtil.swift */ = {isa = PBXFileReference; lastKnownFileType = sourcecode.swift; path = NavigationUtil.swift; sourceTree = "<group>"; };
		8FC455FE2D7B651A007EE5DB /* ItemGroup.swift */ = {isa = PBXFileReference; lastKnownFileType = sourcecode.swift; path = ItemGroup.swift; sourceTree = "<group>"; };
		8FC4560A2D7CB83B007EE5DB /* BaseView.swift */ = {isa = PBXFileReference; lastKnownFileType = sourcecode.swift; path = BaseView.swift; sourceTree = "<group>"; };
		8FC4560C2D7D4EB3007EE5DB /* FocusManager.swift */ = {isa = PBXFileReference; lastKnownFileType = sourcecode.swift; path = FocusManager.swift; sourceTree = "<group>"; };
		8FC4560E2D7E3123007EE5DB /* BackgroundView.swift */ = {isa = PBXFileReference; lastKnownFileType = sourcecode.swift; path = BackgroundView.swift; sourceTree = "<group>"; };
		8FC456102D7E71CC007EE5DB /* ThemeManager.swift */ = {isa = PBXFileReference; lastKnownFileType = sourcecode.swift; path = ThemeManager.swift; sourceTree = "<group>"; };
		8FCD49662D819D9200C0A2E3 /* DataModel.xcdatamodel */ = {isa = PBXFileReference; lastKnownFileType = wrapper.xcdatamodel; path = DataModel.xcdatamodel; sourceTree = "<group>"; };
		8FE0E2592D874BDA00EE0D83 /* GoogleService-Info.plist */ = {isa = PBXFileReference; lastKnownFileType = text.plist.xml; path = "GoogleService-Info.plist"; sourceTree = "<group>"; };
		8FE0E26F2D87D48900EE0D83 /* FirestoreService.swift */ = {isa = PBXFileReference; lastKnownFileType = sourcecode.swift; path = FirestoreService.swift; sourceTree = "<group>"; };
		8FE0E2762D8B837100EE0D83 /* SubItem+CoreDataClass.swift */ = {isa = PBXFileReference; lastKnownFileType = sourcecode.swift; path = "SubItem+CoreDataClass.swift"; sourceTree = "<group>"; };
		8FE0E2772D8B837100EE0D83 /* SubItem+CoreDataProperties.swift */ = {isa = PBXFileReference; lastKnownFileType = sourcecode.swift; path = "SubItem+CoreDataProperties.swift"; sourceTree = "<group>"; };
		8FE0E27A2D8B84ED00EE0D83 /* SubItem.swift */ = {isa = PBXFileReference; lastKnownFileType = sourcecode.swift; path = SubItem.swift; sourceTree = "<group>"; };
/* End PBXFileReference section */

/* Begin PBXFileSystemSynchronizedRootGroup section */
		8F7DEA442D80DF1D00287676 /* EasyListViews */ = {isa = PBXFileSystemSynchronizedRootGroup; explicitFileTypes = {}; explicitFolders = (); path = EasyListViews; sourceTree = "<group>"; };
		8F7DEA452D80DF5D00287676 /* MainMenu */ = {isa = PBXFileSystemSynchronizedRootGroup; explicitFileTypes = {}; explicitFolders = (); path = MainMenu; sourceTree = "<group>"; };
		8F7DEA462D80DF8400287676 /* CalendarView */ = {isa = PBXFileSystemSynchronizedRootGroup; explicitFileTypes = {}; explicitFolders = (); path = CalendarView; sourceTree = "<group>"; };
		8F7DEA472D80DFA300287676 /* ChatView */ = {isa = PBXFileSystemSynchronizedRootGroup; explicitFileTypes = {}; explicitFolders = (); path = ChatView; sourceTree = "<group>"; };
		8F94B7D02DC85ED40066B583 /* StreamingChatView */ = {isa = PBXFileSystemSynchronizedRootGroup; explicitFileTypes = {}; explicitFolders = (); path = StreamingChatView; sourceTree = "<group>"; };
/* End PBXFileSystemSynchronizedRootGroup section */

/* Begin PBXFrameworksBuildPhase section */
		8F9DFEEE2D6FA66900F62D5E /* Frameworks */ = {
			isa = PBXFrameworksBuildPhase;
			buildActionMask = 2147483647;
			files = (
				8FE0E2602D874C6600EE0D83 /* FirebaseRemoteConfig in Frameworks */,
				8FE0E25C2D874C6600EE0D83 /* FirebaseCore in Frameworks */,
				8FE0E26A2D874DDA00EE0D83 /* FirebaseAnalytics in Frameworks */,
				8FE0E26E2D874DDA00EE0D83 /* FirebaseFirestore in Frameworks */,
				8FE0E2622D874CA800EE0D83 /* FirebaseCore in Frameworks */,
				8FE0E2642D874CA800EE0D83 /* FirebaseFirestore in Frameworks */,
				8F3580822DBC54C00002ADF5 /* KeychainSwift in Frameworks */,
				8FE0E2662D874D2600EE0D83 /* FirebaseCore in Frameworks */,
				8FE0E2722D888CD100EE0D83 /* FirebaseAuth in Frameworks */,
				8FE0E25E2D874C6600EE0D83 /* FirebaseFirestore in Frameworks */,
				8FE0E26C2D874DDA00EE0D83 /* FirebaseCore in Frameworks */,
				8FE0E2682D874D2600EE0D83 /* FirebaseFirestore in Frameworks */,
			);
			runOnlyForDeploymentPostprocessing = 0;
		};
/* End PBXFrameworksBuildPhase section */

/* Begin PBXGroup section */
		8F35F35E2D81E94B00A112F1 /* CoreData */ = {
			isa = PBXGroup;
			children = (
				8FE0E2762D8B837100EE0D83 /* SubItem+CoreDataClass.swift */,
				8FE0E2772D8B837100EE0D83 /* SubItem+CoreDataProperties.swift */,
				8F35F3582D81E94B00A112F1 /* Checklist+CoreDataClass.swift */,
				8F35F3592D81E94B00A112F1 /* Checklist+CoreDataProperties.swift */,
				8F35F35A2D81E94B00A112F1 /* ChecklistItem+CoreDataClass.swift */,
				8F35F35B2D81E94B00A112F1 /* ChecklistItem+CoreDataProperties.swift */,
				8F35F35C2D81E94B00A112F1 /* ItemGroup+CoreDataClass.swift */,
				8F35F35D2D81E94B00A112F1 /* ItemGroup+CoreDataProperties.swift */,
			);
			path = CoreData;
			sourceTree = "<group>";
		};
		8F3C83082D7A03270072CCAF /* UI */ = {
			isa = PBXGroup;
			children = (
				8F3C83062D7A03270072CCAF /* SharedShapes.swift */,
				8F3C83072D7A03270072CCAF /* ViewModifiers.swift */,
			);
			path = UI;
			sourceTree = "<group>";
		};
		8F3C83092D7A03270072CCAF /* Shared */ = {
			isa = PBXGroup;
			children = (
				8F3C83082D7A03270072CCAF /* UI */,
			);
			path = Shared;
			sourceTree = "<group>";
		};
		8F8FE7402D85EA3C00355B3D /* Auth */ = {
			isa = PBXGroup;
			children = (
				8F8FE73F2D85EA3C00355B3D /* LoginView.swift */,
			);
			path = Auth;
			sourceTree = "<group>";
		};
		8F9DFEE82D6FA66900F62D5E = {
			isa = PBXGroup;
			children = (
				8F9DFEF32D6FA66900F62D5E /* Promptly */,
				8F9DFEF22D6FA66900F62D5E /* Products */,
			);
			sourceTree = "<group>";
		};
		8F9DFEF22D6FA66900F62D5E /* Products */ = {
			isa = PBXGroup;
			children = (
				8F9DFEF12D6FA66900F62D5E /* Promptly.app */,
			);
			name = Products;
			sourceTree = "<group>";
		};
		8F9DFEF32D6FA66900F62D5E /* Promptly */ = {
			isa = PBXGroup;
			children = (
				8FE0E2592D874BDA00EE0D83 /* GoogleService-Info.plist */,
				8FC4483D2D72406B0008E3AB /* Info.plist */,
				8FC4483B2D723FCF0008E3AB /* PromptlyRelease.entitlements */,
				8F9DFF062D70AE7500F62D5E /* Views */,
				8F9DFF052D70AE6900F62D5E /* Models */,
				8F9DFF042D70AE5F00F62D5E /* ViewModels */,
				8F9DFF032D70AE4B00F62D5E /* Services */,
				8F9DFEF42D6FA66900F62D5E /* PromptlyApp.swift */,
				8F9DFEF82D6FA66A00F62D5E /* Assets.xcassets */,
				8F9DFEFA2D6FA66A00F62D5E /* Promptly.entitlements */,
				8F9DFEFB2D6FA66A00F62D5E /* Preview Content */,
				8FCD49652D819D9200C0A2E3 /* DataModel.xcdatamodeld */,
			);
			path = Promptly;
			sourceTree = "<group>";
		};
		8F9DFEFB2D6FA66A00F62D5E /* Preview Content */ = {
			isa = PBXGroup;
			children = (
				8F9DFEFC2D6FA66A00F62D5E /* Preview Assets.xcassets */,
			);
			path = "Preview Content";
			sourceTree = "<group>";
		};
		8F9DFF032D70AE4B00F62D5E /* Services */ = {
			isa = PBXGroup;
			children = (
				8F94B7C92DC85E790066B583 /* PubSubChatService.swift */,
				8F94B7CA2DC85E790066B583 /* SSEManager.swift */,
				8F35807E2DBC53F70002ADF5 /* NetworkManager.swift */,
				8F9526762DB194E70002C956 /* CheckInService.swift */,
				8F584F812DA61F2C00DDF73A /* CheckInAnalytics.swift */,
				8F60905E2DA423C50048CEDD /* UserSettings.swift */,
				8FE0E26F2D87D48900EE0D83 /* FirestoreService.swift */,
				8F8FE7422D85EA7100355B3D /* AuthManager.swift */,
				8F7DEA402D80DDCA00287676 /* ChecklistPersistence.swift */,
				8F7DEA412D80DDCA00287676 /* SpeechRecognitionService.swift */,
				8F7DEA3C2D80D98500287676 /* GroupStore.swift */,
				8FC456102D7E71CC007EE5DB /* ThemeManager.swift */,
				8FC4560C2D7D4EB3007EE5DB /* FocusManager.swift */,
				8FB9D7A92D766FD700F8B0E2 /* NotificationManager.swift */,
				8F31EDDC2D74B9B00041A5F9 /* ChatPersistenceService.swift */,
				8F9DFF092D70BFE800F62D5E /* ChatService.swift */,
				8F7DEA3E2D80DD7400287676 /* PersistenceController.swift */,
			);
			path = Services;
			sourceTree = "<group>";
		};
		8F9DFF042D70AE5F00F62D5E /* ViewModels */ = {
			isa = PBXGroup;
			children = (
				8F94B7D52DC85F1F0066B583 /* StreamingChatViewModel.swift */,
				8F60906A2DA5A2150048CEDD /* GroupDetailsViewModel.swift */,
				8F91A2772D959DC1008383FF /* ItemDetailsViewModel.swift */,
				8F2F11A02D83C5B200B47051 /* ManageGroupsViewModel.swift */,
				8F3C830E2D7A07F30072CCAF /* EasyListViewModel.swift */,
				8FB9D7A52D761D0C00F8B0E2 /* DashboardViewModel.swift */,
				8FC448372D723D940008E3AB /* ChatInputViewModel.swift */,
				8F9DFF0B2D70C00300F62D5E /* ChatViewModel.swift */,
			);
			path = ViewModels;
			sourceTree = "<group>";
		};
		8F9DFF052D70AE6900F62D5E /* Models */ = {
			isa = PBXGroup;
			children = (
				8F94B7D32DC85EFA0066B583 /* StreamingChatMessage.swift */,
				8FE0E27A2D8B84ED00EE0D83 /* SubItem.swift */,
				8F35F3672D81E98100A112F1 /* ModelNamespace.swift */,
				8F35F35E2D81E94B00A112F1 /* CoreData */,
				8FC455FE2D7B651A007EE5DB /* ItemGroup.swift */,
				8F31EDDA2D74B9A10041A5F9 /* ChatHistory.swift */,
				8FC448462D7275F00008E3AB /* Checklist.swift */,
				8F9DFF072D70BFBF00F62D5E /* ChatMessage.swift */,
				8F9DFF112D70C19800F62D5E /* ChecklistItem.swift */,
			);
			path = Models;
			sourceTree = "<group>";
		};
		8F9DFF062D70AE7500F62D5E /* Views */ = {
			isa = PBXGroup;
			children = (
				8F94B7D02DC85ED40066B583 /* StreamingChatView */,
				8F3580832DC23B4A0002ADF5 /* ChecklistOutlineView.swift */,
				8F8FE7402D85EA3C00355B3D /* Auth */,
				8F7DEA472D80DFA300287676 /* ChatView */,
				8F7DEA462D80DF8400287676 /* CalendarView */,
				8F7DEA452D80DF5D00287676 /* MainMenu */,
				8F7DEA442D80DF1D00287676 /* EasyListViews */,
				8FC4560E2D7E3123007EE5DB /* BackgroundView.swift */,
				8FC4560A2D7CB83B007EE5DB /* BaseView.swift */,
				8F3C83092D7A03270072CCAF /* Shared */,
				8F31EDE62D753A570041A5F9 /* LoadingView.swift */,
				8FC4484B2D729C8A0008E3AB /* NavigationUtil.swift */,
			);
			path = Views;
			sourceTree = "<group>";
		};
/* End PBXGroup section */

/* Begin PBXNativeTarget section */
		8F9DFEF02D6FA66900F62D5E /* Promptly */ = {
			isa = PBXNativeTarget;
			buildConfigurationList = 8F9DFF002D6FA66A00F62D5E /* Build configuration list for PBXNativeTarget "Promptly" */;
			buildPhases = (
				8F9DFEED2D6FA66900F62D5E /* Sources */,
				8F9DFEEE2D6FA66900F62D5E /* Frameworks */,
				8F9DFEEF2D6FA66900F62D5E /* Resources */,
			);
			buildRules = (
				8FC4483C2D72401A0008E3AB /* PBXBuildRule */,
			);
			dependencies = (
			);
			fileSystemSynchronizedGroups = (
				8F7DEA442D80DF1D00287676 /* EasyListViews */,
				8F7DEA452D80DF5D00287676 /* MainMenu */,
				8F7DEA462D80DF8400287676 /* CalendarView */,
				8F7DEA472D80DFA300287676 /* ChatView */,
				8F94B7D02DC85ED40066B583 /* StreamingChatView */,
			);
			name = Promptly;
			productName = Promptly;
			productReference = 8F9DFEF12D6FA66900F62D5E /* Promptly.app */;
			productType = "com.apple.product-type.application";
		};
/* End PBXNativeTarget section */

/* Begin PBXProject section */
		8F9DFEE92D6FA66900F62D5E /* Project object */ = {
			isa = PBXProject;
			attributes = {
				BuildIndependentTargetsInParallel = 1;
				LastSwiftUpdateCheck = 1420;
				LastUpgradeCheck = 1620;
				TargetAttributes = {
					8F9DFEF02D6FA66900F62D5E = {
						CreatedOnToolsVersion = 14.2;
					};
				};
			};
			buildConfigurationList = 8F9DFEEC2D6FA66900F62D5E /* Build configuration list for PBXProject "Promptly" */;
			compatibilityVersion = "Xcode 14.0";
			developmentRegion = en;
			hasScannedForEncodings = 0;
			knownRegions = (
				en,
				Base,
			);
			mainGroup = 8F9DFEE82D6FA66900F62D5E;
			packageReferences = (
				8F8FE7462D8747F500355B3D /* XCRemoteSwiftPackageReference "firebase-ios-sdk" */,
				8F3580802DBC54C00002ADF5 /* XCRemoteSwiftPackageReference "keychain-swift" */,
			);
			productRefGroup = 8F9DFEF22D6FA66900F62D5E /* Products */;
			projectDirPath = "";
			projectRoot = "";
			targets = (
				8F9DFEF02D6FA66900F62D5E /* Promptly */,
			);
		};
/* End PBXProject section */

/* Begin PBXResourcesBuildPhase section */
		8F9DFEEF2D6FA66900F62D5E /* Resources */ = {
			isa = PBXResourcesBuildPhase;
			buildActionMask = 2147483647;
			files = (
				8F9DFEFD2D6FA66A00F62D5E /* Preview Assets.xcassets in Resources */,
				8F9DFEF92D6FA66A00F62D5E /* Assets.xcassets in Resources */,
				8FE0E25A2D874BDA00EE0D83 /* GoogleService-Info.plist in Resources */,
			);
			runOnlyForDeploymentPostprocessing = 0;
		};
/* End PBXResourcesBuildPhase section */

/* Begin PBXSourcesBuildPhase section */
		8F9DFEED2D6FA66900F62D5E /* Sources */ = {
			isa = PBXSourcesBuildPhase;
			buildActionMask = 2147483647;
			files = (
				8F91A2782D959DC1008383FF /* ItemDetailsViewModel.swift in Sources */,
				8FC4560B2D7CB83B007EE5DB /* BaseView.swift in Sources */,
				8FCD49672D819D9200C0A2E3 /* DataModel.xcdatamodeld in Sources */,
				8F3580842DC23B4A0002ADF5 /* ChecklistOutlineView.swift in Sources */,
				8F31EDE72D753A570041A5F9 /* LoadingView.swift in Sources */,
				8F8FE7432D85EA7100355B3D /* AuthManager.swift in Sources */,
				8F31EDDB2D74B9A10041A5F9 /* ChatHistory.swift in Sources */,
				8F35F3682D81E98100A112F1 /* ModelNamespace.swift in Sources */,
				8FC448382D723D940008E3AB /* ChatInputViewModel.swift in Sources */,
				8F60905F2DA423C50048CEDD /* UserSettings.swift in Sources */,
				8FC4560D2D7D4EB3007EE5DB /* FocusManager.swift in Sources */,
				8F7DEA3D2D80D98500287676 /* GroupStore.swift in Sources */,
				8F3C830A2D7A03270072CCAF /* SharedShapes.swift in Sources */,
				8F3C830B2D7A03270072CCAF /* ViewModifiers.swift in Sources */,
				8FB9D7AA2D766FD700F8B0E2 /* NotificationManager.swift in Sources */,
				8F94B7CB2DC85E790066B583 /* SSEManager.swift in Sources */,
				8F94B7CC2DC85E790066B583 /* PubSubChatService.swift in Sources */,
				8F94B7D62DC85F1F0066B583 /* StreamingChatViewModel.swift in Sources */,
				8FC448472D7275F00008E3AB /* Checklist.swift in Sources */,
				8F60906B2DA5A2150048CEDD /* GroupDetailsViewModel.swift in Sources */,
				8F9DFF082D70BFBF00F62D5E /* ChatMessage.swift in Sources */,
				8F584F822DA61F2C00DDF73A /* CheckInAnalytics.swift in Sources */,
				8F9DFF122D70C19800F62D5E /* ChecklistItem.swift in Sources */,
				8FC4560F2D7E3123007EE5DB /* BackgroundView.swift in Sources */,
				8F9DFF0A2D70BFE800F62D5E /* ChatService.swift in Sources */,
				8F3C830F2D7A07F30072CCAF /* EasyListViewModel.swift in Sources */,
				8F9DFF0C2D70C00300F62D5E /* ChatViewModel.swift in Sources */,
				8FE0E2702D87D48900EE0D83 /* FirestoreService.swift in Sources */,
				8FB9D7A62D761D0C00F8B0E2 /* DashboardViewModel.swift in Sources */,
				8FC4484C2D729C8A0008E3AB /* NavigationUtil.swift in Sources */,
				8F35F35F2D81E94B00A112F1 /* ChecklistItem+CoreDataProperties.swift in Sources */,
				8F35F3602D81E94B00A112F1 /* Checklist+CoreDataClass.swift in Sources */,
				8F35807F2DBC53F70002ADF5 /* NetworkManager.swift in Sources */,
				8F94B7D42DC85EFA0066B583 /* StreamingChatMessage.swift in Sources */,
				8F35F3612D81E94B00A112F1 /* Checklist+CoreDataProperties.swift in Sources */,
				8F35F3622D81E94B00A112F1 /* ChecklistItem+CoreDataClass.swift in Sources */,
				8F35F3632D81E94B00A112F1 /* ItemGroup+CoreDataClass.swift in Sources */,
				8F9526772DB194E70002C956 /* CheckInService.swift in Sources */,
				8F8FE7412D85EA3C00355B3D /* LoginView.swift in Sources */,
				8F35F3642D81E94B00A112F1 /* ItemGroup+CoreDataProperties.swift in Sources */,
				8FC455FF2D7B651A007EE5DB /* ItemGroup.swift in Sources */,
				8F7DEA422D80DDCA00287676 /* SpeechRecognitionService.swift in Sources */,
				8F7DEA432D80DDCA00287676 /* ChecklistPersistence.swift in Sources */,
				8F2F11A12D83C5B200B47051 /* ManageGroupsViewModel.swift in Sources */,
				8F31EDDD2D74B9B00041A5F9 /* ChatPersistenceService.swift in Sources */,
				8F9DFEF52D6FA66900F62D5E /* PromptlyApp.swift in Sources */,
				8FC456112D7E71CC007EE5DB /* ThemeManager.swift in Sources */,
				8F7DEA3F2D80DD7400287676 /* PersistenceController.swift in Sources */,
				8FE0E27B2D8B84ED00EE0D83 /* SubItem.swift in Sources */,
				8FE0E2782D8B837100EE0D83 /* SubItem+CoreDataProperties.swift in Sources */,
				8FE0E2792D8B837100EE0D83 /* SubItem+CoreDataClass.swift in Sources */,
			);
			runOnlyForDeploymentPostprocessing = 0;
		};
/* End PBXSourcesBuildPhase section */

/* Begin XCBuildConfiguration section */
		8F9DFEFE2D6FA66A00F62D5E /* Debug */ = {
			isa = XCBuildConfiguration;
			buildSettings = {
				ALWAYS_SEARCH_USER_PATHS = NO;
				CLANG_ANALYZER_NONNULL = YES;
				CLANG_ANALYZER_NUMBER_OBJECT_CONVERSION = YES_AGGRESSIVE;
				CLANG_CXX_LANGUAGE_STANDARD = "gnu++20";
				CLANG_ENABLE_MODULES = YES;
				CLANG_ENABLE_OBJC_ARC = YES;
				CLANG_ENABLE_OBJC_WEAK = YES;
				CLANG_WARN_BLOCK_CAPTURE_AUTORELEASING = YES;
				CLANG_WARN_BOOL_CONVERSION = YES;
				CLANG_WARN_COMMA = YES;
				CLANG_WARN_CONSTANT_CONVERSION = YES;
				CLANG_WARN_DEPRECATED_OBJC_IMPLEMENTATIONS = YES;
				CLANG_WARN_DIRECT_OBJC_ISA_USAGE = YES_ERROR;
				CLANG_WARN_DOCUMENTATION_COMMENTS = YES;
				CLANG_WARN_EMPTY_BODY = YES;
				CLANG_WARN_ENUM_CONVERSION = YES;
				CLANG_WARN_INFINITE_RECURSION = YES;
				CLANG_WARN_INT_CONVERSION = YES;
				CLANG_WARN_NON_LITERAL_NULL_CONVERSION = YES;
				CLANG_WARN_OBJC_IMPLICIT_RETAIN_SELF = YES;
				CLANG_WARN_OBJC_LITERAL_CONVERSION = YES;
				CLANG_WARN_OBJC_ROOT_CLASS = YES_ERROR;
				CLANG_WARN_QUOTED_INCLUDE_IN_FRAMEWORK_HEADER = YES;
				CLANG_WARN_RANGE_LOOP_ANALYSIS = YES;
				CLANG_WARN_STRICT_PROTOTYPES = YES;
				CLANG_WARN_SUSPICIOUS_MOVE = YES;
				CLANG_WARN_UNGUARDED_AVAILABILITY = YES_AGGRESSIVE;
				CLANG_WARN_UNREACHABLE_CODE = YES;
				CLANG_WARN__DUPLICATE_METHOD_MATCH = YES;
				COPY_PHASE_STRIP = NO;
				DEAD_CODE_STRIPPING = YES;
				DEBUG_INFORMATION_FORMAT = dwarf;
				ENABLE_STRICT_OBJC_MSGSEND = YES;
				ENABLE_TESTABILITY = YES;
				ENABLE_USER_SCRIPT_SANDBOXING = YES;
				GCC_C_LANGUAGE_STANDARD = gnu11;
				GCC_DYNAMIC_NO_PIC = NO;
				GCC_NO_COMMON_BLOCKS = YES;
				GCC_OPTIMIZATION_LEVEL = 0;
				GCC_PREPROCESSOR_DEFINITIONS = (
					"DEBUG=1",
					"$(inherited)",
				);
				GCC_WARN_64_TO_32_BIT_CONVERSION = YES;
				GCC_WARN_ABOUT_RETURN_TYPE = YES_ERROR;
				GCC_WARN_UNDECLARED_SELECTOR = YES;
				GCC_WARN_UNINITIALIZED_AUTOS = YES_AGGRESSIVE;
				GCC_WARN_UNUSED_FUNCTION = YES;
				GCC_WARN_UNUSED_VARIABLE = YES;
				MTL_ENABLE_DEBUG_INFO = INCLUDE_SOURCE;
				MTL_FAST_MATH = YES;
				ONLY_ACTIVE_ARCH = YES;
				SWIFT_ACTIVE_COMPILATION_CONDITIONS = DEBUG;
				SWIFT_OPTIMIZATION_LEVEL = "-Onone";
			};
			name = Debug;
		};
		8F9DFEFF2D6FA66A00F62D5E /* Release */ = {
			isa = XCBuildConfiguration;
			buildSettings = {
				ALWAYS_SEARCH_USER_PATHS = NO;
				CLANG_ANALYZER_NONNULL = YES;
				CLANG_ANALYZER_NUMBER_OBJECT_CONVERSION = YES_AGGRESSIVE;
				CLANG_CXX_LANGUAGE_STANDARD = "gnu++20";
				CLANG_ENABLE_MODULES = YES;
				CLANG_ENABLE_OBJC_ARC = YES;
				CLANG_ENABLE_OBJC_WEAK = YES;
				CLANG_WARN_BLOCK_CAPTURE_AUTORELEASING = YES;
				CLANG_WARN_BOOL_CONVERSION = YES;
				CLANG_WARN_COMMA = YES;
				CLANG_WARN_CONSTANT_CONVERSION = YES;
				CLANG_WARN_DEPRECATED_OBJC_IMPLEMENTATIONS = YES;
				CLANG_WARN_DIRECT_OBJC_ISA_USAGE = YES_ERROR;
				CLANG_WARN_DOCUMENTATION_COMMENTS = YES;
				CLANG_WARN_EMPTY_BODY = YES;
				CLANG_WARN_ENUM_CONVERSION = YES;
				CLANG_WARN_INFINITE_RECURSION = YES;
				CLANG_WARN_INT_CONVERSION = YES;
				CLANG_WARN_NON_LITERAL_NULL_CONVERSION = YES;
				CLANG_WARN_OBJC_IMPLICIT_RETAIN_SELF = YES;
				CLANG_WARN_OBJC_LITERAL_CONVERSION = YES;
				CLANG_WARN_OBJC_ROOT_CLASS = YES_ERROR;
				CLANG_WARN_QUOTED_INCLUDE_IN_FRAMEWORK_HEADER = YES;
				CLANG_WARN_RANGE_LOOP_ANALYSIS = YES;
				CLANG_WARN_STRICT_PROTOTYPES = YES;
				CLANG_WARN_SUSPICIOUS_MOVE = YES;
				CLANG_WARN_UNGUARDED_AVAILABILITY = YES_AGGRESSIVE;
				CLANG_WARN_UNREACHABLE_CODE = YES;
				CLANG_WARN__DUPLICATE_METHOD_MATCH = YES;
				COPY_PHASE_STRIP = NO;
				DEAD_CODE_STRIPPING = YES;
				DEBUG_INFORMATION_FORMAT = "dwarf-with-dsym";
				ENABLE_NS_ASSERTIONS = NO;
				ENABLE_STRICT_OBJC_MSGSEND = YES;
				ENABLE_USER_SCRIPT_SANDBOXING = YES;
				GCC_C_LANGUAGE_STANDARD = gnu11;
				GCC_NO_COMMON_BLOCKS = YES;
				GCC_WARN_64_TO_32_BIT_CONVERSION = YES;
				GCC_WARN_ABOUT_RETURN_TYPE = YES_ERROR;
				GCC_WARN_UNDECLARED_SELECTOR = YES;
				GCC_WARN_UNINITIALIZED_AUTOS = YES_AGGRESSIVE;
				GCC_WARN_UNUSED_FUNCTION = YES;
				GCC_WARN_UNUSED_VARIABLE = YES;
				MTL_ENABLE_DEBUG_INFO = NO;
				MTL_FAST_MATH = YES;
				SWIFT_COMPILATION_MODE = wholemodule;
				SWIFT_OPTIMIZATION_LEVEL = "-O";
			};
			name = Release;
		};
		8F9DFF012D6FA66A00F62D5E /* Debug */ = {
			isa = XCBuildConfiguration;
			buildSettings = {
				ASSETCATALOG_COMPILER_APPICON_NAME = AppIcon;
				ASSETCATALOG_COMPILER_GLOBAL_ACCENT_COLOR_NAME = AccentColor;
				CODE_SIGN_ENTITLEMENTS = Promptly/Promptly.entitlements;
				"CODE_SIGN_IDENTITY[sdk=macosx*]" = "Apple Development";
				CODE_SIGN_STYLE = Automatic;
				CURRENT_PROJECT_VERSION = 1;
				DEAD_CODE_STRIPPING = YES;
				DEVELOPMENT_ASSET_PATHS = "\"Promptly/Preview Content\"";
				DEVELOPMENT_TEAM = L6W8687UUW;
				ENABLE_PREVIEWS = YES;
				GENERATE_INFOPLIST_FILE = YES;
				INFOPLIST_FILE = Promptly/Info.plist;
				INFOPLIST_KEY_NSMicrophoneUsageDescription = "We need access to your microphone to convert your speech into text messages.";
				INFOPLIST_KEY_NSSpeechRecognitionUsageDescription = "We need speech recognition to convert your voice into text messages.";
				"INFOPLIST_KEY_UIApplicationSceneManifest_Generation[sdk=iphoneos*]" = YES;
				"INFOPLIST_KEY_UIApplicationSceneManifest_Generation[sdk=iphonesimulator*]" = YES;
				"INFOPLIST_KEY_UIApplicationSupportsIndirectInputEvents[sdk=iphoneos*]" = YES;
				"INFOPLIST_KEY_UIApplicationSupportsIndirectInputEvents[sdk=iphonesimulator*]" = YES;
				"INFOPLIST_KEY_UILaunchScreen_Generation[sdk=iphoneos*]" = YES;
				"INFOPLIST_KEY_UILaunchScreen_Generation[sdk=iphonesimulator*]" = YES;
				"INFOPLIST_KEY_UIStatusBarStyle[sdk=iphoneos*]" = UIStatusBarStyleDefault;
				"INFOPLIST_KEY_UIStatusBarStyle[sdk=iphonesimulator*]" = UIStatusBarStyleDefault;
				INFOPLIST_KEY_UISupportedInterfaceOrientations = UIInterfaceOrientationPortrait;
				IPHONEOS_DEPLOYMENT_TARGET = 17.6;
				LD_RUNPATH_SEARCH_PATHS = "@executable_path/Frameworks";
				"LD_RUNPATH_SEARCH_PATHS[sdk=macosx*]" = "@executable_path/../Frameworks";
				MACOSX_DEPLOYMENT_TARGET = 12.5;
				MARKETING_VERSION = 1.0;
				PRODUCT_BUNDLE_IDENTIFIER = earthling.Promptly;
				PRODUCT_NAME = "$(TARGET_NAME)";
				SDKROOT = auto;
				SUPPORTED_PLATFORMS = "iphoneos iphonesimulator macosx";
				SWIFT_EMIT_LOC_STRINGS = YES;
				SWIFT_VERSION = 5.0;
				TARGETED_DEVICE_FAMILY = "1,2";
			};
			name = Debug;
		};
		8F9DFF022D6FA66A00F62D5E /* Release */ = {
			isa = XCBuildConfiguration;
			buildSettings = {
				ASSETCATALOG_COMPILER_APPICON_NAME = AppIcon;
				ASSETCATALOG_COMPILER_GLOBAL_ACCENT_COLOR_NAME = AccentColor;
				CODE_SIGN_ENTITLEMENTS = Promptly/PromptlyRelease.entitlements;
				"CODE_SIGN_IDENTITY[sdk=macosx*]" = "Apple Development";
				CODE_SIGN_STYLE = Automatic;
				CURRENT_PROJECT_VERSION = 1;
				DEAD_CODE_STRIPPING = YES;
				DEVELOPMENT_ASSET_PATHS = "\"Promptly/Preview Content\"";
				DEVELOPMENT_TEAM = L6W8687UUW;
				ENABLE_PREVIEWS = YES;
				GENERATE_INFOPLIST_FILE = YES;
				INFOPLIST_FILE = Promptly/Info.plist;
				INFOPLIST_KEY_NSMicrophoneUsageDescription = "We need access to your microphone to convert your speech into text messages.";
				INFOPLIST_KEY_NSSpeechRecognitionUsageDescription = "We need speech recognition to convert your voice into text messages.";
				"INFOPLIST_KEY_UIApplicationSceneManifest_Generation[sdk=iphoneos*]" = YES;
				"INFOPLIST_KEY_UIApplicationSceneManifest_Generation[sdk=iphonesimulator*]" = YES;
				"INFOPLIST_KEY_UIApplicationSupportsIndirectInputEvents[sdk=iphoneos*]" = YES;
				"INFOPLIST_KEY_UIApplicationSupportsIndirectInputEvents[sdk=iphonesimulator*]" = YES;
				"INFOPLIST_KEY_UILaunchScreen_Generation[sdk=iphoneos*]" = YES;
				"INFOPLIST_KEY_UILaunchScreen_Generation[sdk=iphonesimulator*]" = YES;
				"INFOPLIST_KEY_UIStatusBarStyle[sdk=iphoneos*]" = UIStatusBarStyleDefault;
				"INFOPLIST_KEY_UIStatusBarStyle[sdk=iphonesimulator*]" = UIStatusBarStyleDefault;
				INFOPLIST_KEY_UISupportedInterfaceOrientations = UIInterfaceOrientationPortrait;
				IPHONEOS_DEPLOYMENT_TARGET = 17.6;
				LD_RUNPATH_SEARCH_PATHS = "@executable_path/Frameworks";
				"LD_RUNPATH_SEARCH_PATHS[sdk=macosx*]" = "@executable_path/../Frameworks";
				MACOSX_DEPLOYMENT_TARGET = 12.5;
				MARKETING_VERSION = 1.0;
				PRODUCT_BUNDLE_IDENTIFIER = earthling.Promptly;
				PRODUCT_NAME = "$(TARGET_NAME)";
				SDKROOT = auto;
				SUPPORTED_PLATFORMS = "iphoneos iphonesimulator macosx";
				SWIFT_EMIT_LOC_STRINGS = YES;
				SWIFT_VERSION = 5.0;
				TARGETED_DEVICE_FAMILY = "1,2";
			};
			name = Release;
		};
/* End XCBuildConfiguration section */

/* Begin XCConfigurationList section */
		8F9DFEEC2D6FA66900F62D5E /* Build configuration list for PBXProject "Promptly" */ = {
			isa = XCConfigurationList;
			buildConfigurations = (
				8F9DFEFE2D6FA66A00F62D5E /* Debug */,
				8F9DFEFF2D6FA66A00F62D5E /* Release */,
			);
			defaultConfigurationIsVisible = 0;
			defaultConfigurationName = Release;
		};
		8F9DFF002D6FA66A00F62D5E /* Build configuration list for PBXNativeTarget "Promptly" */ = {
			isa = XCConfigurationList;
			buildConfigurations = (
				8F9DFF012D6FA66A00F62D5E /* Debug */,
				8F9DFF022D6FA66A00F62D5E /* Release */,
			);
			defaultConfigurationIsVisible = 0;
			defaultConfigurationName = Release;
		};
/* End XCConfigurationList section */

/* Begin XCRemoteSwiftPackageReference section */
		8F3580802DBC54C00002ADF5 /* XCRemoteSwiftPackageReference "keychain-swift" */ = {
			isa = XCRemoteSwiftPackageReference;
			repositoryURL = "https://github.com/evgenyneu/keychain-swift.git";
			requirement = {
				kind = upToNextMajorVersion;
				minimumVersion = 24.0.0;
			};
		};
		8F8FE7462D8747F500355B3D /* XCRemoteSwiftPackageReference "firebase-ios-sdk" */ = {
			isa = XCRemoteSwiftPackageReference;
			repositoryURL = "https://github.com/firebase/firebase-ios-sdk.git";
			requirement = {
				kind = upToNextMajorVersion;
				minimumVersion = 11.9.0;
			};
		};
/* End XCRemoteSwiftPackageReference section */

/* Begin XCSwiftPackageProductDependency section */
		8F3580812DBC54C00002ADF5 /* KeychainSwift */ = {
			isa = XCSwiftPackageProductDependency;
			package = 8F3580802DBC54C00002ADF5 /* XCRemoteSwiftPackageReference "keychain-swift" */;
			productName = KeychainSwift;
		};
		8FE0E25B2D874C6600EE0D83 /* FirebaseCore */ = {
			isa = XCSwiftPackageProductDependency;
			package = 8F8FE7462D8747F500355B3D /* XCRemoteSwiftPackageReference "firebase-ios-sdk" */;
			productName = FirebaseCore;
		};
		8FE0E25D2D874C6600EE0D83 /* FirebaseFirestore */ = {
			isa = XCSwiftPackageProductDependency;
			package = 8F8FE7462D8747F500355B3D /* XCRemoteSwiftPackageReference "firebase-ios-sdk" */;
			productName = FirebaseFirestore;
		};
		8FE0E25F2D874C6600EE0D83 /* FirebaseRemoteConfig */ = {
			isa = XCSwiftPackageProductDependency;
			package = 8F8FE7462D8747F500355B3D /* XCRemoteSwiftPackageReference "firebase-ios-sdk" */;
			productName = FirebaseRemoteConfig;
		};
		8FE0E2612D874CA800EE0D83 /* FirebaseCore */ = {
			isa = XCSwiftPackageProductDependency;
			package = 8F8FE7462D8747F500355B3D /* XCRemoteSwiftPackageReference "firebase-ios-sdk" */;
			productName = FirebaseCore;
		};
		8FE0E2632D874CA800EE0D83 /* FirebaseFirestore */ = {
			isa = XCSwiftPackageProductDependency;
			package = 8F8FE7462D8747F500355B3D /* XCRemoteSwiftPackageReference "firebase-ios-sdk" */;
			productName = FirebaseFirestore;
		};
		8FE0E2652D874D2600EE0D83 /* FirebaseCore */ = {
			isa = XCSwiftPackageProductDependency;
			package = 8F8FE7462D8747F500355B3D /* XCRemoteSwiftPackageReference "firebase-ios-sdk" */;
			productName = FirebaseCore;
		};
		8FE0E2672D874D2600EE0D83 /* FirebaseFirestore */ = {
			isa = XCSwiftPackageProductDependency;
			package = 8F8FE7462D8747F500355B3D /* XCRemoteSwiftPackageReference "firebase-ios-sdk" */;
			productName = FirebaseFirestore;
		};
		8FE0E2692D874DDA00EE0D83 /* FirebaseAnalytics */ = {
			isa = XCSwiftPackageProductDependency;
			package = 8F8FE7462D8747F500355B3D /* XCRemoteSwiftPackageReference "firebase-ios-sdk" */;
			productName = FirebaseAnalytics;
		};
		8FE0E26B2D874DDA00EE0D83 /* FirebaseCore */ = {
			isa = XCSwiftPackageProductDependency;
			package = 8F8FE7462D8747F500355B3D /* XCRemoteSwiftPackageReference "firebase-ios-sdk" */;
			productName = FirebaseCore;
		};
		8FE0E26D2D874DDA00EE0D83 /* FirebaseFirestore */ = {
			isa = XCSwiftPackageProductDependency;
			package = 8F8FE7462D8747F500355B3D /* XCRemoteSwiftPackageReference "firebase-ios-sdk" */;
			productName = FirebaseFirestore;
		};
		8FE0E2712D888CD100EE0D83 /* FirebaseAuth */ = {
			isa = XCSwiftPackageProductDependency;
			package = 8F8FE7462D8747F500355B3D /* XCRemoteSwiftPackageReference "firebase-ios-sdk" */;
			productName = FirebaseAuth;
		};
/* End XCSwiftPackageProductDependency section */

/* Begin XCVersionGroup section */
		8FCD49652D819D9200C0A2E3 /* DataModel.xcdatamodeld */ = {
			isa = XCVersionGroup;
			children = (
				8FCD49662D819D9200C0A2E3 /* DataModel.xcdatamodel */,
			);
			currentVersion = 8FCD49662D819D9200C0A2E3 /* DataModel.xcdatamodel */;
			path = DataModel.xcdatamodeld;
			sourceTree = "<group>";
			versionGroupType = wrapper.xcdatamodel;
		};
/* End XCVersionGroup section */
	};
	rootObject = 8F9DFEE92D6FA66900F62D5E /* Project object */;
}
